<?xml version="1.0" encoding="utf-8"?>
<Project ToolsVersion="4.0" xmlns="http://schemas.microsoft.com/developer/msbuild/2003">
  <ItemGroup>
    <Filter Include="views">
      <UniqueIdentifier>{01e1d378-91d8-414a-8d6a-4f1275a95aba}</UniqueIdentifier>
    </Filter>
    <Filter Include="routes">
      <UniqueIdentifier>{6fe4160e-8e58-4a21-9746-2f77948f6dae}</UniqueIdentifier>
    </Filter>
  </ItemGroup>
  <ItemGroup>
    <None Include="..\app.js" />
    <None Include="..\routes\index.js">
      <Filter>routes</Filter>
    </None>
    <None Include="..\routes\user.js">
      <Filter>routes</Filter>
    </None>
    <None Include="..\README.md" />
    <None Include="..\run.bat" />
    <None Include="..\views\index.html">
      <Filter>views</Filter>
    </None>
  </ItemGroup>
</Project>